// !$*UTF8*$!
{
	archiveVersion = 1;
	classes = {
	};
	objectVersion = 55;
	objects = {

/* Begin PBXBuildFile section */
		26603AEF27B555830087591E /* GameImage.xcassets in Resources */ = {isa = PBXBuildFile; fileRef = 26603AEE27B555830087591E /* GameImage.xcassets */; };
		26603AF227B575370087591E /* Store_Image.xcassets in Resources */ = {isa = PBXBuildFile; fileRef = 26603AF127B575370087591E /* Store_Image.xcassets */; };
		73029F6027B2BACA000D379E /* Japan_ProjectApp.swift in Sources */ = {isa = PBXBuildFile; fileRef = 73029F5F27B2BACA000D379E /* Japan_ProjectApp.swift */; };
		73029F6227B2BACA000D379E /* ContentView.swift in Sources */ = {isa = PBXBuildFile; fileRef = 73029F6127B2BACA000D379E /* ContentView.swift */; };
		73029F6427B2BACB000D379E /* Assets.xcassets in Resources */ = {isa = PBXBuildFile; fileRef = 73029F6327B2BACB000D379E /* Assets.xcassets */; };
		73029F6727B2BACB000D379E /* Preview Assets.xcassets in Resources */ = {isa = PBXBuildFile; fileRef = 73029F6627B2BACB000D379E /* Preview Assets.xcassets */; };
		73029F7127B2BACB000D379E /* Japan_ProjectTests.swift in Sources */ = {isa = PBXBuildFile; fileRef = 73029F7027B2BACB000D379E /* Japan_ProjectTests.swift */; };
		73029F7B27B2BACB000D379E /* Japan_ProjectUITests.swift in Sources */ = {isa = PBXBuildFile; fileRef = 73029F7A27B2BACB000D379E /* Japan_ProjectUITests.swift */; };
		73029F7D27B2BACB000D379E /* Japan_ProjectUITestsLaunchTests.swift in Sources */ = {isa = PBXBuildFile; fileRef = 73029F7C27B2BACB000D379E /* Japan_ProjectUITestsLaunchTests.swift */; };
		73029F8B27B37B33000D379E /* View_Modifier.swift in Sources */ = {isa = PBXBuildFile; fileRef = 73029F8A27B37B33000D379E /* View_Modifier.swift */; };
		7327A4F627BA83E100E33C77 /* Next_Stage.swift in Sources */ = {isa = PBXBuildFile; fileRef = 7327A4F527BA83E100E33C77 /* Next_Stage.swift */; };
		7331DA7027C808AB008AC222 /* SpashScreenMain.swift in Sources */ = {isa = PBXBuildFile; fileRef = 7331DA6F27C808AB008AC222 /* SpashScreenMain.swift */; };
		7361437B27BE5B40001E562C /* PriceList.swift in Sources */ = {isa = PBXBuildFile; fileRef = 7361437A27BE5B40001E562C /* PriceList.swift */; };
		7361437D27BE6032001E562C /* Price_List_Catalog.xcassets in Resources */ = {isa = PBXBuildFile; fileRef = 7361437C27BE6032001E562C /* Price_List_Catalog.xcassets */; };
		736B3AB527B64AF400DBEAEF /* MapsView.swift in Sources */ = {isa = PBXBuildFile; fileRef = 736B3AB427B64AF400DBEAEF /* MapsView.swift */; };
		7378464B27B41C68005A1997 /* Data_Matcher.json in Resources */ = {isa = PBXBuildFile; fileRef = 7378464427B40040005A1997 /* Data_Matcher.json */; };
		737E358327B8FEA800BDF065 /* Image_Game_M.swift in Sources */ = {isa = PBXBuildFile; fileRef = 737E358227B8FEA800BDF065 /* Image_Game_M.swift */; };
		738DC70427B65849003B1F6F /* PartialSheet in Frameworks */ = {isa = PBXBuildFile; productRef = 738DC70327B65849003B1F6F /* PartialSheet */; };
		738DC70627B6663B003B1F6F /* PartialSheetViews.swift in Sources */ = {isa = PBXBuildFile; fileRef = 738DC70527B6663A003B1F6F /* PartialSheetViews.swift */; };
		738DC70827B675D1003B1F6F /* WebView.swift in Sources */ = {isa = PBXBuildFile; fileRef = 738DC70727B675D1003B1F6F /* WebView.swift */; };
		738DC70A27B68F9D003B1F6F /* Detail_Map_View.swift in Sources */ = {isa = PBXBuildFile; fileRef = 738DC70927B68F9D003B1F6F /* Detail_Map_View.swift */; };
		738DC70E27B6CBC4003B1F6F /* Game_Main.swift in Sources */ = {isa = PBXBuildFile; fileRef = 738DC70D27B6CBC4003B1F6F /* Game_Main.swift */; };
		738DC71027B6CD8F003B1F6F /* Game_Trash_Image.xcassets in Resources */ = {isa = PBXBuildFile; fileRef = 738DC70F27B6CD8E003B1F6F /* Game_Trash_Image.xcassets */; };
		73B3162B27BA6536003F0563 /* SwiftTest.swift in Sources */ = {isa = PBXBuildFile; fileRef = 73B3162A27BA6536003F0563 /* SwiftTest.swift */; };
		73B3162D27BA6875003F0563 /* Start_Game_Screen.swift in Sources */ = {isa = PBXBuildFile; fileRef = 73B3162C27BA6875003F0563 /* Start_Game_Screen.swift */; };
		73BE144427CA8D40007665B6 /* Splash screen.xcassets in Resources */ = {isa = PBXBuildFile; fileRef = 73BE144327CA8D40007665B6 /* Splash screen.xcassets */; };
		73CFEC2927CAD1F20022757D /* InfoGraphics.swift in Sources */ = {isa = PBXBuildFile; fileRef = 73CFEC2827CAD1F20022757D /* InfoGraphics.swift */; };
		73CFEC2B27CAD20A0022757D /* Infographics_images.xcassets in Resources */ = {isa = PBXBuildFile; fileRef = 73CFEC2A27CAD20A0022757D /* Infographics_images.xcassets */; };
		73CFEC6127CADAED0022757D /* UserAuthModel.swift in Sources */ = {isa = PBXBuildFile; fileRef = 73CFEC6027CADAED0022757D /* UserAuthModel.swift */; };
		73CFEC6427CADB6D0022757D /* GoogleSignIn in Frameworks */ = {isa = PBXBuildFile; productRef = 73CFEC6327CADB6D0022757D /* GoogleSignIn */; };
		73CFEC6627CADBE40022757D /* SiginView.swift in Sources */ = {isa = PBXBuildFile; fileRef = 73CFEC6527CADBE40022757D /* SiginView.swift */; };
		73CFEC6827CADD3F0022757D /* GoogleService-Info.plist in Resources */ = {isa = PBXBuildFile; fileRef = 73CFEC6727CADD3F0022757D /* GoogleService-Info.plist */; };
/* End PBXBuildFile section */

/* Begin PBXContainerItemProxy section */
		73029F6D27B2BACB000D379E /* PBXContainerItemProxy */ = {
			isa = PBXContainerItemProxy;
			containerPortal = 73029F5427B2BACA000D379E /* Project object */;
			proxyType = 1;
			remoteGlobalIDString = 73029F5B27B2BACA000D379E;
			remoteInfo = "Japan Project";
		};
		73029F7727B2BACB000D379E /* PBXContainerItemProxy */ = {
			isa = PBXContainerItemProxy;
			containerPortal = 73029F5427B2BACA000D379E /* Project object */;
			proxyType = 1;
			remoteGlobalIDString = 73029F5B27B2BACA000D379E;
			remoteInfo = "Japan Project";
		};
/* End PBXContainerItemProxy section */

/* Begin PBXFileReference section */
		26603AEE27B555830087591E /* GameImage.xcassets */ = {isa = PBXFileReference; lastKnownFileType = folder.assetcatalog; path = GameImage.xcassets; sourceTree = "<group>"; };
		26603AF127B575370087591E /* Store_Image.xcassets */ = {isa = PBXFileReference; lastKnownFileType = folder.assetcatalog; path = Store_Image.xcassets; sourceTree = "<group>"; };
		73029F5C27B2BACA000D379E /* RISE.app */ = {isa = PBXFileReference; explicitFileType = wrapper.application; includeInIndex = 0; path = RISE.app; sourceTree = BUILT_PRODUCTS_DIR; };
		73029F5F27B2BACA000D379E /* Japan_ProjectApp.swift */ = {isa = PBXFileReference; lastKnownFileType = sourcecode.swift; path = Japan_ProjectApp.swift; sourceTree = "<group>"; };
		73029F6127B2BACA000D379E /* ContentView.swift */ = {isa = PBXFileReference; lastKnownFileType = sourcecode.swift; path = ContentView.swift; sourceTree = "<group>"; };
		73029F6327B2BACB000D379E /* Assets.xcassets */ = {isa = PBXFileReference; lastKnownFileType = folder.assetcatalog; path = Assets.xcassets; sourceTree = "<group>"; };
		73029F6627B2BACB000D379E /* Preview Assets.xcassets */ = {isa = PBXFileReference; lastKnownFileType = folder.assetcatalog; path = "Preview Assets.xcassets"; sourceTree = "<group>"; };
		73029F6C27B2BACB000D379E /* Japan ProjectTests.xctest */ = {isa = PBXFileReference; explicitFileType = wrapper.cfbundle; includeInIndex = 0; path = "Japan ProjectTests.xctest"; sourceTree = BUILT_PRODUCTS_DIR; };
		73029F7027B2BACB000D379E /* Japan_ProjectTests.swift */ = {isa = PBXFileReference; lastKnownFileType = sourcecode.swift; path = Japan_ProjectTests.swift; sourceTree = "<group>"; };
		73029F7627B2BACB000D379E /* Japan ProjectUITests.xctest */ = {isa = PBXFileReference; explicitFileType = wrapper.cfbundle; includeInIndex = 0; path = "Japan ProjectUITests.xctest"; sourceTree = BUILT_PRODUCTS_DIR; };
		73029F7A27B2BACB000D379E /* Japan_ProjectUITests.swift */ = {isa = PBXFileReference; lastKnownFileType = sourcecode.swift; path = Japan_ProjectUITests.swift; sourceTree = "<group>"; };
		73029F7C27B2BACB000D379E /* Japan_ProjectUITestsLaunchTests.swift */ = {isa = PBXFileReference; lastKnownFileType = sourcecode.swift; path = Japan_ProjectUITestsLaunchTests.swift; sourceTree = "<group>"; };
		73029F8927B2BC1C000D379E /* Japan Project.entitlements */ = {isa = PBXFileReference; lastKnownFileType = text.plist.entitlements; path = "Japan Project.entitlements"; sourceTree = "<group>"; };
		73029F8A27B37B33000D379E /* View_Modifier.swift */ = {isa = PBXFileReference; lastKnownFileType = sourcecode.swift; path = View_Modifier.swift; sourceTree = "<group>"; };
		7327A4F527BA83E100E33C77 /* Next_Stage.swift */ = {isa = PBXFileReference; lastKnownFileType = sourcecode.swift; path = Next_Stage.swift; sourceTree = "<group>"; };
		7331DA6F27C808AB008AC222 /* SpashScreenMain.swift */ = {isa = PBXFileReference; lastKnownFileType = sourcecode.swift; path = SpashScreenMain.swift; sourceTree = "<group>"; };
		7361437A27BE5B40001E562C /* PriceList.swift */ = {isa = PBXFileReference; lastKnownFileType = sourcecode.swift; path = PriceList.swift; sourceTree = "<group>"; };
		7361437C27BE6032001E562C /* Price_List_Catalog.xcassets */ = {isa = PBXFileReference; lastKnownFileType = folder.assetcatalog; path = Price_List_Catalog.xcassets; sourceTree = "<group>"; };
		736B3AB427B64AF400DBEAEF /* MapsView.swift */ = {isa = PBXFileReference; lastKnownFileType = sourcecode.swift; path = MapsView.swift; sourceTree = "<group>"; };
		7378464427B40040005A1997 /* Data_Matcher.json */ = {isa = PBXFileReference; lastKnownFileType = text.json; path = Data_Matcher.json; sourceTree = "<group>"; };
		737E358227B8FEA800BDF065 /* Image_Game_M.swift */ = {isa = PBXFileReference; lastKnownFileType = sourcecode.swift; path = Image_Game_M.swift; sourceTree = "<group>"; };
		738DC70527B6663A003B1F6F /* PartialSheetViews.swift */ = {isa = PBXFileReference; lastKnownFileType = sourcecode.swift; path = PartialSheetViews.swift; sourceTree = "<group>"; };
		738DC70727B675D1003B1F6F /* WebView.swift */ = {isa = PBXFileReference; lastKnownFileType = sourcecode.swift; path = WebView.swift; sourceTree = "<group>"; };
		738DC70927B68F9D003B1F6F /* Detail_Map_View.swift */ = {isa = PBXFileReference; lastKnownFileType = sourcecode.swift; path = Detail_Map_View.swift; sourceTree = "<group>"; };
		738DC70D27B6CBC4003B1F6F /* Game_Main.swift */ = {isa = PBXFileReference; lastKnownFileType = sourcecode.swift; path = Game_Main.swift; sourceTree = "<group>"; };
		738DC70F27B6CD8E003B1F6F /* Game_Trash_Image.xcassets */ = {isa = PBXFileReference; lastKnownFileType = folder.assetcatalog; path = Game_Trash_Image.xcassets; sourceTree = "<group>"; };
		73B3162A27BA6536003F0563 /* SwiftTest.swift */ = {isa = PBXFileReference; lastKnownFileType = sourcecode.swift; path = SwiftTest.swift; sourceTree = "<group>"; };
		73B3162C27BA6875003F0563 /* Start_Game_Screen.swift */ = {isa = PBXFileReference; lastKnownFileType = sourcecode.swift; path = Start_Game_Screen.swift; sourceTree = "<group>"; };
		73BE144327CA8D40007665B6 /* Splash screen.xcassets */ = {isa = PBXFileReference; lastKnownFileType = folder.assetcatalog; path = "Splash screen.xcassets"; sourceTree = "<group>"; };
		73CFEC2827CAD1F20022757D /* InfoGraphics.swift */ = {isa = PBXFileReference; lastKnownFileType = sourcecode.swift; path = InfoGraphics.swift; sourceTree = "<group>"; };
		73CFEC2A27CAD20A0022757D /* Infographics_images.xcassets */ = {isa = PBXFileReference; lastKnownFileType = folder.assetcatalog; path = Infographics_images.xcassets; sourceTree = "<group>"; };
		73CFEC6027CADAED0022757D /* UserAuthModel.swift */ = {isa = PBXFileReference; lastKnownFileType = sourcecode.swift; path = UserAuthModel.swift; sourceTree = "<group>"; };
		73CFEC6527CADBE40022757D /* SiginView.swift */ = {isa = PBXFileReference; lastKnownFileType = sourcecode.swift; path = SiginView.swift; sourceTree = "<group>"; };
		73CFEC6727CADD3F0022757D /* GoogleService-Info.plist */ = {isa = PBXFileReference; fileEncoding = 4; lastKnownFileType = text.plist.xml; path = "GoogleService-Info.plist"; sourceTree = "<group>"; };
		73CFEC6927CADD8B0022757D /* Japan-Project-Info.plist */ = {isa = PBXFileReference; lastKnownFileType = text.plist; path = "Japan-Project-Info.plist"; sourceTree = SOURCE_ROOT; };
/* End PBXFileReference section */

/* Begin PBXFrameworksBuildPhase section */
		73029F5927B2BACA000D379E /* Frameworks */ = {
			isa = PBXFrameworksBuildPhase;
			buildActionMask = 2147483647;
			files = (
				738DC70427B65849003B1F6F /* PartialSheet in Frameworks */,
				73CFEC6427CADB6D0022757D /* GoogleSignIn in Frameworks */,
			);
			runOnlyForDeploymentPostprocessing = 0;
		};
		73029F6927B2BACB000D379E /* Frameworks */ = {
			isa = PBXFrameworksBuildPhase;
			buildActionMask = 2147483647;
			files = (
			);
			runOnlyForDeploymentPostprocessing = 0;
		};
		73029F7327B2BACB000D379E /* Frameworks */ = {
			isa = PBXFrameworksBuildPhase;
			buildActionMask = 2147483647;
			files = (
			);
			runOnlyForDeploymentPostprocessing = 0;
		};
/* End PBXFrameworksBuildPhase section */

/* Begin PBXGroup section */
		26603AF027B574E00087591E /* Store_Map */ = {
			isa = PBXGroup;
			children = (
				738DC70727B675D1003B1F6F /* WebView.swift */,
				26603AF127B575370087591E /* Store_Image.xcassets */,
				736B3AB427B64AF400DBEAEF /* MapsView.swift */,
				738DC70927B68F9D003B1F6F /* Detail_Map_View.swift */,
				738DC70527B6663A003B1F6F /* PartialSheetViews.swift */,
			);
			path = Store_Map;
			sourceTree = "<group>";
		};
		73029F5327B2BACA000D379E = {
			isa = PBXGroup;
			children = (
				73029F5E27B2BACA000D379E /* Japan Project */,
				73029F6F27B2BACB000D379E /* Japan ProjectTests */,
				73029F7927B2BACB000D379E /* Japan ProjectUITests */,
				73029F5D27B2BACA000D379E /* Products */,
			);
			sourceTree = "<group>";
		};
		73029F5D27B2BACA000D379E /* Products */ = {
			isa = PBXGroup;
			children = (
				73029F5C27B2BACA000D379E /* RISE.app */,
				73029F6C27B2BACB000D379E /* Japan ProjectTests.xctest */,
				73029F7627B2BACB000D379E /* Japan ProjectUITests.xctest */,
			);
			name = Products;
			sourceTree = "<group>";
		};
		73029F5E27B2BACA000D379E /* Japan Project */ = {
			isa = PBXGroup;
			children = (
				73CFEC6927CADD8B0022757D /* Japan-Project-Info.plist */,
				73CFEC6727CADD3F0022757D /* GoogleService-Info.plist */,
				73CFEC5F27CADAD40022757D /* GoogleAuth */,
				73CFEC2727CAD1D60022757D /* Infographics */,
				7361437927BE5B25001E562C /* Price_List */,
				7331DA6E27C8088E008AC222 /* SplashScreen */,
				73029F8927B2BC1C000D379E /* Japan Project.entitlements */,
				73029F5F27B2BACA000D379E /* Japan_ProjectApp.swift */,
				73029F6127B2BACA000D379E /* ContentView.swift */,
				73029F8A27B37B33000D379E /* View_Modifier.swift */,
				7378465127B4AB8B005A1997 /* Game */,
				73029F6327B2BACB000D379E /* Assets.xcassets */,
				26603AF027B574E00087591E /* Store_Map */,
				73029F6527B2BACB000D379E /* Preview Content */,
			);
			path = "Japan Project";
			sourceTree = "<group>";
		};
		73029F6527B2BACB000D379E /* Preview Content */ = {
			isa = PBXGroup;
			children = (
				73029F6627B2BACB000D379E /* Preview Assets.xcassets */,
			);
			path = "Preview Content";
			sourceTree = "<group>";
		};
		73029F6F27B2BACB000D379E /* Japan ProjectTests */ = {
			isa = PBXGroup;
			children = (
				73029F7027B2BACB000D379E /* Japan_ProjectTests.swift */,
			);
			path = "Japan ProjectTests";
			sourceTree = "<group>";
		};
		73029F7927B2BACB000D379E /* Japan ProjectUITests */ = {
			isa = PBXGroup;
			children = (
				73029F7A27B2BACB000D379E /* Japan_ProjectUITests.swift */,
				73029F7C27B2BACB000D379E /* Japan_ProjectUITestsLaunchTests.swift */,
			);
			path = "Japan ProjectUITests";
			sourceTree = "<group>";
		};
		7331DA6E27C8088E008AC222 /* SplashScreen */ = {
			isa = PBXGroup;
			children = (
				7331DA6F27C808AB008AC222 /* SpashScreenMain.swift */,
				73BE144327CA8D40007665B6 /* Splash screen.xcassets */,
			);
			path = SplashScreen;
			sourceTree = "<group>";
		};
		7361437927BE5B25001E562C /* Price_List */ = {
			isa = PBXGroup;
			children = (
				7361437A27BE5B40001E562C /* PriceList.swift */,
				7361437C27BE6032001E562C /* Price_List_Catalog.xcassets */,
			);
			path = Price_List;
			sourceTree = "<group>";
		};
		7378464527B4169F005A1997 /* Resource */ = {
			isa = PBXGroup;
			children = (
				26603AEE27B555830087591E /* GameImage.xcassets */,
				7378464427B40040005A1997 /* Data_Matcher.json */,
				738DC70F27B6CD8E003B1F6F /* Game_Trash_Image.xcassets */,
			);
			path = Resource;
			sourceTree = "<group>";
		};
		7378465127B4AB8B005A1997 /* Game */ = {
			isa = PBXGroup;
			children = (
				73B3162C27BA6875003F0563 /* Start_Game_Screen.swift */,
				7327A4F527BA83E100E33C77 /* Next_Stage.swift */,
				738DC70D27B6CBC4003B1F6F /* Game_Main.swift */,
				737E358227B8FEA800BDF065 /* Image_Game_M.swift */,
				73B3162A27BA6536003F0563 /* SwiftTest.swift */,
				7378464527B4169F005A1997 /* Resource */,
			);
			path = Game;
			sourceTree = "<group>";
		};
		73CFEC2727CAD1D60022757D /* Infographics */ = {
			isa = PBXGroup;
			children = (
				73CFEC2827CAD1F20022757D /* InfoGraphics.swift */,
				73CFEC2A27CAD20A0022757D /* Infographics_images.xcassets */,
			);
			path = Infographics;
			sourceTree = "<group>";
		};
		73CFEC5F27CADAD40022757D /* GoogleAuth */ = {
			isa = PBXGroup;
			children = (
				73CFEC6027CADAED0022757D /* UserAuthModel.swift */,
				73CFEC6527CADBE40022757D /* SiginView.swift */,
			);
			path = GoogleAuth;
			sourceTree = "<group>";
		};
/* End PBXGroup section */

/* Begin PBXNativeTarget section */
		73029F5B27B2BACA000D379E /* Japan Project */ = {
			isa = PBXNativeTarget;
			buildConfigurationList = 73029F8027B2BACB000D379E /* Build configuration list for PBXNativeTarget "Japan Project" */;
			buildPhases = (
				73029F5827B2BACA000D379E /* Sources */,
				73029F5927B2BACA000D379E /* Frameworks */,
				73029F5A27B2BACA000D379E /* Resources */,
			);
			buildRules = (
			);
			dependencies = (
			);
			name = "Japan Project";
			packageProductDependencies = (
				738DC70327B65849003B1F6F /* PartialSheet */,
				73CFEC6327CADB6D0022757D /* GoogleSignIn */,
			);
			productName = "Japan Project";
			productReference = 73029F5C27B2BACA000D379E /* RISE.app */;
			productType = "com.apple.product-type.application";
		};
		73029F6B27B2BACB000D379E /* Japan ProjectTests */ = {
			isa = PBXNativeTarget;
			buildConfigurationList = 73029F8327B2BACB000D379E /* Build configuration list for PBXNativeTarget "Japan ProjectTests" */;
			buildPhases = (
				73029F6827B2BACB000D379E /* Sources */,
				73029F6927B2BACB000D379E /* Frameworks */,
				73029F6A27B2BACB000D379E /* Resources */,
			);
			buildRules = (
			);
			dependencies = (
				73029F6E27B2BACB000D379E /* PBXTargetDependency */,
			);
			name = "Japan ProjectTests";
			productName = "Japan ProjectTests";
			productReference = 73029F6C27B2BACB000D379E /* Japan ProjectTests.xctest */;
			productType = "com.apple.product-type.bundle.unit-test";
		};
		73029F7527B2BACB000D379E /* Japan ProjectUITests */ = {
			isa = PBXNativeTarget;
			buildConfigurationList = 73029F8627B2BACB000D379E /* Build configuration list for PBXNativeTarget "Japan ProjectUITests" */;
			buildPhases = (
				73029F7227B2BACB000D379E /* Sources */,
				73029F7327B2BACB000D379E /* Frameworks */,
				73029F7427B2BACB000D379E /* Resources */,
			);
			buildRules = (
			);
			dependencies = (
				73029F7827B2BACB000D379E /* PBXTargetDependency */,
			);
			name = "Japan ProjectUITests";
			productName = "Japan ProjectUITests";
			productReference = 73029F7627B2BACB000D379E /* Japan ProjectUITests.xctest */;
			productType = "com.apple.product-type.bundle.ui-testing";
		};
/* End PBXNativeTarget section */

/* Begin PBXProject section */
		73029F5427B2BACA000D379E /* Project object */ = {
			isa = PBXProject;
			attributes = {
				BuildIndependentTargetsInParallel = 1;
				LastSwiftUpdateCheck = 1320;
				LastUpgradeCheck = 1320;
				TargetAttributes = {
					73029F5B27B2BACA000D379E = {
						CreatedOnToolsVersion = 13.2.1;
					};
					73029F6B27B2BACB000D379E = {
						CreatedOnToolsVersion = 13.2.1;
						TestTargetID = 73029F5B27B2BACA000D379E;
					};
					73029F7527B2BACB000D379E = {
						CreatedOnToolsVersion = 13.2.1;
						TestTargetID = 73029F5B27B2BACA000D379E;
					};
				};
			};
			buildConfigurationList = 73029F5727B2BACA000D379E /* Build configuration list for PBXProject "Japan Project" */;
			compatibilityVersion = "Xcode 13.0";
			developmentRegion = en;
			hasScannedForEncodings = 0;
			knownRegions = (
				en,
				Base,
			);
			mainGroup = 73029F5327B2BACA000D379E;
			packageReferences = (
				738DC70227B65849003B1F6F /* XCRemoteSwiftPackageReference "PartialSheet" */,
				73CFEC6227CADB6C0022757D /* XCRemoteSwiftPackageReference "GoogleSignIn-iOS" */,
			);
			productRefGroup = 73029F5D27B2BACA000D379E /* Products */;
			projectDirPath = "";
			projectRoot = "";
			targets = (
				73029F5B27B2BACA000D379E /* Japan Project */,
				73029F6B27B2BACB000D379E /* Japan ProjectTests */,
				73029F7527B2BACB000D379E /* Japan ProjectUITests */,
			);
		};
/* End PBXProject section */

/* Begin PBXResourcesBuildPhase section */
		73029F5A27B2BACA000D379E /* Resources */ = {
			isa = PBXResourcesBuildPhase;
			buildActionMask = 2147483647;
			files = (
				73CFEC2B27CAD20A0022757D /* Infographics_images.xcassets in Resources */,
				26603AF227B575370087591E /* Store_Image.xcassets in Resources */,
				7378464B27B41C68005A1997 /* Data_Matcher.json in Resources */,
				738DC71027B6CD8F003B1F6F /* Game_Trash_Image.xcassets in Resources */,
				73029F6727B2BACB000D379E /* Preview Assets.xcassets in Resources */,
				73029F6427B2BACB000D379E /* Assets.xcassets in Resources */,
				73BE144427CA8D40007665B6 /* Splash screen.xcassets in Resources */,
				26603AEF27B555830087591E /* GameImage.xcassets in Resources */,
				7361437D27BE6032001E562C /* Price_List_Catalog.xcassets in Resources */,
				73CFEC6827CADD3F0022757D /* GoogleService-Info.plist in Resources */,
			);
			runOnlyForDeploymentPostprocessing = 0;
		};
		73029F6A27B2BACB000D379E /* Resources */ = {
			isa = PBXResourcesBuildPhase;
			buildActionMask = 2147483647;
			files = (
			);
			runOnlyForDeploymentPostprocessing = 0;
		};
		73029F7427B2BACB000D379E /* Resources */ = {
			isa = PBXResourcesBuildPhase;
			buildActionMask = 2147483647;
			files = (
			);
			runOnlyForDeploymentPostprocessing = 0;
		};
/* End PBXResourcesBuildPhase section */

/* Begin PBXSourcesBuildPhase section */
		73029F5827B2BACA000D379E /* Sources */ = {
			isa = PBXSourcesBuildPhase;
			buildActionMask = 2147483647;
			files = (
				73CFEC6127CADAED0022757D /* UserAuthModel.swift in Sources */,
				738DC70E27B6CBC4003B1F6F /* Game_Main.swift in Sources */,
				7327A4F627BA83E100E33C77 /* Next_Stage.swift in Sources */,
				73CFEC6627CADBE40022757D /* SiginView.swift in Sources */,
				73029F6227B2BACA000D379E /* ContentView.swift in Sources */,
				738DC70827B675D1003B1F6F /* WebView.swift in Sources */,
				736B3AB527B64AF400DBEAEF /* MapsView.swift in Sources */,
				737E358327B8FEA800BDF065 /* Image_Game_M.swift in Sources */,
				7331DA7027C808AB008AC222 /* SpashScreenMain.swift in Sources */,
				73029F6027B2BACA000D379E /* Japan_ProjectApp.swift in Sources */,
				738DC70A27B68F9D003B1F6F /* Detail_Map_View.swift in Sources */,
				73B3162B27BA6536003F0563 /* SwiftTest.swift in Sources */,
				73CFEC2927CAD1F20022757D /* InfoGraphics.swift in Sources */,
				73B3162D27BA6875003F0563 /* Start_Game_Screen.swift in Sources */,
				738DC70627B6663B003B1F6F /* PartialSheetViews.swift in Sources */,
				73029F8B27B37B33000D379E /* View_Modifier.swift in Sources */,
				7361437B27BE5B40001E562C /* PriceList.swift in Sources */,
			);
			runOnlyForDeploymentPostprocessing = 0;
		};
		73029F6827B2BACB000D379E /* Sources */ = {
			isa = PBXSourcesBuildPhase;
			buildActionMask = 2147483647;
			files = (
				73029F7127B2BACB000D379E /* Japan_ProjectTests.swift in Sources */,
			);
			runOnlyForDeploymentPostprocessing = 0;
		};
		73029F7227B2BACB000D379E /* Sources */ = {
			isa = PBXSourcesBuildPhase;
			buildActionMask = 2147483647;
			files = (
				73029F7B27B2BACB000D379E /* Japan_ProjectUITests.swift in Sources */,
				73029F7D27B2BACB000D379E /* Japan_ProjectUITestsLaunchTests.swift in Sources */,
			);
			runOnlyForDeploymentPostprocessing = 0;
		};
/* End PBXSourcesBuildPhase section */

/* Begin PBXTargetDependency section */
		73029F6E27B2BACB000D379E /* PBXTargetDependency */ = {
			isa = PBXTargetDependency;
			target = 73029F5B27B2BACA000D379E /* Japan Project */;
			targetProxy = 73029F6D27B2BACB000D379E /* PBXContainerItemProxy */;
		};
		73029F7827B2BACB000D379E /* PBXTargetDependency */ = {
			isa = PBXTargetDependency;
			target = 73029F5B27B2BACA000D379E /* Japan Project */;
			targetProxy = 73029F7727B2BACB000D379E /* PBXContainerItemProxy */;
		};
/* End PBXTargetDependency section */

/* Begin XCBuildConfiguration section */
		73029F7E27B2BACB000D379E /* Debug */ = {
			isa = XCBuildConfiguration;
			buildSettings = {
				ALWAYS_SEARCH_USER_PATHS = NO;
				CLANG_ANALYZER_NONNULL = YES;
				CLANG_ANALYZER_NUMBER_OBJECT_CONVERSION = YES_AGGRESSIVE;
				CLANG_CXX_LANGUAGE_STANDARD = "gnu++17";
				CLANG_CXX_LIBRARY = "libc++";
				CLANG_ENABLE_MODULES = YES;
				CLANG_ENABLE_OBJC_ARC = YES;
				CLANG_ENABLE_OBJC_WEAK = YES;
				CLANG_WARN_BLOCK_CAPTURE_AUTORELEASING = YES;
				CLANG_WARN_BOOL_CONVERSION = YES;
				CLANG_WARN_COMMA = YES;
				CLANG_WARN_CONSTANT_CONVERSION = YES;
				CLANG_WARN_DEPRECATED_OBJC_IMPLEMENTATIONS = YES;
				CLANG_WARN_DIRECT_OBJC_ISA_USAGE = YES_ERROR;
				CLANG_WARN_DOCUMENTATION_COMMENTS = YES;
				CLANG_WARN_EMPTY_BODY = YES;
				CLANG_WARN_ENUM_CONVERSION = YES;
				CLANG_WARN_INFINITE_RECURSION = YES;
				CLANG_WARN_INT_CONVERSION = YES;
				CLANG_WARN_NON_LITERAL_NULL_CONVERSION = YES;
				CLANG_WARN_OBJC_IMPLICIT_RETAIN_SELF = YES;
				CLANG_WARN_OBJC_LITERAL_CONVERSION = YES;
				CLANG_WARN_OBJC_ROOT_CLASS = YES_ERROR;
				CLANG_WARN_QUOTED_INCLUDE_IN_FRAMEWORK_HEADER = YES;
				CLANG_WARN_RANGE_LOOP_ANALYSIS = YES;
				CLANG_WARN_STRICT_PROTOTYPES = YES;
				CLANG_WARN_SUSPICIOUS_MOVE = YES;
				CLANG_WARN_UNGUARDED_AVAILABILITY = YES_AGGRESSIVE;
				CLANG_WARN_UNREACHABLE_CODE = YES;
				CLANG_WARN__DUPLICATE_METHOD_MATCH = YES;
				COPY_PHASE_STRIP = NO;
				DEBUG_INFORMATION_FORMAT = dwarf;
				ENABLE_STRICT_OBJC_MSGSEND = YES;
				ENABLE_TESTABILITY = YES;
				GCC_C_LANGUAGE_STANDARD = gnu11;
				GCC_DYNAMIC_NO_PIC = NO;
				GCC_NO_COMMON_BLOCKS = YES;
				GCC_OPTIMIZATION_LEVEL = 0;
				GCC_PREPROCESSOR_DEFINITIONS = (
					"DEBUG=1",
					"$(inherited)",
				);
				GCC_WARN_64_TO_32_BIT_CONVERSION = YES;
				GCC_WARN_ABOUT_RETURN_TYPE = YES_ERROR;
				GCC_WARN_UNDECLARED_SELECTOR = YES;
				GCC_WARN_UNINITIALIZED_AUTOS = YES_AGGRESSIVE;
				GCC_WARN_UNUSED_FUNCTION = YES;
				GCC_WARN_UNUSED_VARIABLE = YES;
				IPHONEOS_DEPLOYMENT_TARGET = 15.0;
				MTL_ENABLE_DEBUG_INFO = INCLUDE_SOURCE;
				MTL_FAST_MATH = YES;
				ONLY_ACTIVE_ARCH = YES;
				SDKROOT = iphoneos;
				SWIFT_ACTIVE_COMPILATION_CONDITIONS = DEBUG;
				SWIFT_OPTIMIZATION_LEVEL = "-Onone";
			};
			name = Debug;
		};
		73029F7F27B2BACB000D379E /* Release */ = {
			isa = XCBuildConfiguration;
			buildSettings = {
				ALWAYS_SEARCH_USER_PATHS = NO;
				CLANG_ANALYZER_NONNULL = YES;
				CLANG_ANALYZER_NUMBER_OBJECT_CONVERSION = YES_AGGRESSIVE;
				CLANG_CXX_LANGUAGE_STANDARD = "gnu++17";
				CLANG_CXX_LIBRARY = "libc++";
				CLANG_ENABLE_MODULES = YES;
				CLANG_ENABLE_OBJC_ARC = YES;
				CLANG_ENABLE_OBJC_WEAK = YES;
				CLANG_WARN_BLOCK_CAPTURE_AUTORELEASING = YES;
				CLANG_WARN_BOOL_CONVERSION = YES;
				CLANG_WARN_COMMA = YES;
				CLANG_WARN_CONSTANT_CONVERSION = YES;
				CLANG_WARN_DEPRECATED_OBJC_IMPLEMENTATIONS = YES;
				CLANG_WARN_DIRECT_OBJC_ISA_USAGE = YES_ERROR;
				CLANG_WARN_DOCUMENTATION_COMMENTS = YES;
				CLANG_WARN_EMPTY_BODY = YES;
				CLANG_WARN_ENUM_CONVERSION = YES;
				CLANG_WARN_INFINITE_RECURSION = YES;
				CLANG_WARN_INT_CONVERSION = YES;
				CLANG_WARN_NON_LITERAL_NULL_CONVERSION = YES;
				CLANG_WARN_OBJC_IMPLICIT_RETAIN_SELF = YES;
				CLANG_WARN_OBJC_LITERAL_CONVERSION = YES;
				CLANG_WARN_OBJC_ROOT_CLASS = YES_ERROR;
				CLANG_WARN_QUOTED_INCLUDE_IN_FRAMEWORK_HEADER = YES;
				CLANG_WARN_RANGE_LOOP_ANALYSIS = YES;
				CLANG_WARN_STRICT_PROTOTYPES = YES;
				CLANG_WARN_SUSPICIOUS_MOVE = YES;
				CLANG_WARN_UNGUARDED_AVAILABILITY = YES_AGGRESSIVE;
				CLANG_WARN_UNREACHABLE_CODE = YES;
				CLANG_WARN__DUPLICATE_METHOD_MATCH = YES;
				COPY_PHASE_STRIP = NO;
				DEBUG_INFORMATION_FORMAT = "dwarf-with-dsym";
				ENABLE_NS_ASSERTIONS = NO;
				ENABLE_STRICT_OBJC_MSGSEND = YES;
				GCC_C_LANGUAGE_STANDARD = gnu11;
				GCC_NO_COMMON_BLOCKS = YES;
				GCC_WARN_64_TO_32_BIT_CONVERSION = YES;
				GCC_WARN_ABOUT_RETURN_TYPE = YES_ERROR;
				GCC_WARN_UNDECLARED_SELECTOR = YES;
				GCC_WARN_UNINITIALIZED_AUTOS = YES_AGGRESSIVE;
				GCC_WARN_UNUSED_FUNCTION = YES;
				GCC_WARN_UNUSED_VARIABLE = YES;
				IPHONEOS_DEPLOYMENT_TARGET = 15.0;
				MTL_ENABLE_DEBUG_INFO = NO;
				MTL_FAST_MATH = YES;
				SDKROOT = iphoneos;
				SWIFT_COMPILATION_MODE = wholemodule;
				SWIFT_OPTIMIZATION_LEVEL = "-O";
				VALIDATE_PRODUCT = YES;
			};
			name = Release;
		};
		73029F8127B2BACB000D379E /* Debug */ = {
			isa = XCBuildConfiguration;
			buildSettings = {
				ASSETCATALOG_COMPILER_APPICON_NAME = AppIcon;
				ASSETCATALOG_COMPILER_GLOBAL_ACCENT_COLOR_NAME = AccentColor;
				CODE_SIGN_ENTITLEMENTS = "Japan Project/Japan Project.entitlements";
				CODE_SIGN_STYLE = Automatic;
				CURRENT_PROJECT_VERSION = 9;
				DEVELOPMENT_ASSET_PATHS = "\"Japan Project/Preview Content\"";
				DEVELOPMENT_TEAM = 3LC3M2K977;
				ENABLE_PREVIEWS = YES;
				GENERATE_INFOPLIST_FILE = YES;
				INFOPLIST_FILE = "Japan-Project-Info.plist";
				INFOPLIST_KEY_LSApplicationCategoryType = "public.app-category.educational-games";
				INFOPLIST_KEY_NSLocationAlwaysAndWhenInUseUsageDescription = "Show on maps";
				INFOPLIST_KEY_UIApplicationSceneManifest_Generation = YES;
				INFOPLIST_KEY_UIApplicationSupportsIndirectInputEvents = YES;
				INFOPLIST_KEY_UILaunchScreen_Generation = YES;
				INFOPLIST_KEY_UISupportedInterfaceOrientations = UIInterfaceOrientationPortrait;
				INFOPLIST_KEY_UISupportedInterfaceOrientations_iPad = "UIInterfaceOrientationPortrait UIInterfaceOrientationPortraitUpsideDown UIInterfaceOrientationLandscapeLeft UIInterfaceOrientationLandscapeRight";
				INFOPLIST_KEY_UISupportedInterfaceOrientations_iPhone = "UIInterfaceOrientationPortrait UIInterfaceOrientationLandscapeLeft UIInterfaceOrientationLandscapeRight";
				LD_RUNPATH_SEARCH_PATHS = (
					"$(inherited)",
					"@executable_path/Frameworks",
				);
				MARKETING_VERSION = 1.0;
				PRODUCT_BUNDLE_IDENTIFIER = "vasapol.Japan-Project";
				PRODUCT_NAME = RISE;
				SUPPORTS_MACCATALYST = YES;
				SWIFT_EMIT_LOC_STRINGS = YES;
				SWIFT_VERSION = 5.0;
				TARGETED_DEVICE_FAMILY = "1,2";
			};
			name = Debug;
		};
		73029F8227B2BACB000D379E /* Release */ = {
			isa = XCBuildConfiguration;
			buildSettings = {
				ASSETCATALOG_COMPILER_APPICON_NAME = AppIcon;
				ASSETCATALOG_COMPILER_GLOBAL_ACCENT_COLOR_NAME = AccentColor;
				CODE_SIGN_ENTITLEMENTS = "Japan Project/Japan Project.entitlements";
				CODE_SIGN_STYLE = Automatic;
				CURRENT_PROJECT_VERSION = 9;
				DEVELOPMENT_ASSET_PATHS = "\"Japan Project/Preview Content\"";
				DEVELOPMENT_TEAM = 3LC3M2K977;
				ENABLE_PREVIEWS = YES;
				GENERATE_INFOPLIST_FILE = YES;
				INFOPLIST_FILE = "Japan-Project-Info.plist";
				INFOPLIST_KEY_LSApplicationCategoryType = "public.app-category.educational-games";
				INFOPLIST_KEY_NSLocationAlwaysAndWhenInUseUsageDescription = "Show on maps";
				INFOPLIST_KEY_UIApplicationSceneManifest_Generation = YES;
				INFOPLIST_KEY_UIApplicationSupportsIndirectInputEvents = YES;
				INFOPLIST_KEY_UILaunchScreen_Generation = YES;
				INFOPLIST_KEY_UISupportedInterfaceOrientations = UIInterfaceOrientationPortrait;
				INFOPLIST_KEY_UISupportedInterfaceOrientations_iPad = "UIInterfaceOrientationPortrait UIInterfaceOrientationPortraitUpsideDown UIInterfaceOrientationLandscapeLeft UIInterfaceOrientationLandscapeRight";
				INFOPLIST_KEY_UISupportedInterfaceOrientations_iPhone = "UIInterfaceOrientationPortrait UIInterfaceOrientationLandscapeLeft UIInterfaceOrientationLandscapeRight";
				LD_RUNPATH_SEARCH_PATHS = (
					"$(inherited)",
					"@executable_path/Frameworks",
				);
				MARKETING_VERSION = 1.0;
				PRODUCT_BUNDLE_IDENTIFIER = "vasapol.Japan-Project";
				PRODUCT_NAME = RISE;
				SUPPORTS_MACCATALYST = YES;
				SWIFT_EMIT_LOC_STRINGS = YES;
				SWIFT_VERSION = 5.0;
				TARGETED_DEVICE_FAMILY = "1,2";
			};
			name = Release;
		};
		73029F8427B2BACB000D379E /* Debug */ = {
			isa = XCBuildConfiguration;
			buildSettings = {
				ALWAYS_EMBED_SWIFT_STANDARD_LIBRARIES = YES;
				BUNDLE_LOADER = "$(TEST_HOST)";
				CODE_SIGN_STYLE = Automatic;
				CURRENT_PROJECT_VERSION = 1;
				DEVELOPMENT_TEAM = 3LC3M2K977;
				GENERATE_INFOPLIST_FILE = YES;
				INFOPLIST_KEY_NSLocationAlwaysAndWhenInUseUsageDescription = "Show location on maps";
				IPHONEOS_DEPLOYMENT_TARGET = 15.2;
				MARKETING_VERSION = 1.0;
				PRODUCT_BUNDLE_IDENTIFIER = "vasapol.Japan-ProjectTests";
				PRODUCT_NAME = "$(TARGET_NAME)";
				SWIFT_EMIT_LOC_STRINGS = NO;
				SWIFT_VERSION = 5.0;
				TARGETED_DEVICE_FAMILY = "1,2";
				TEST_HOST = "$(BUILT_PRODUCTS_DIR)/Japan Project.app/Japan Project";
			};
			name = Debug;
		};
		73029F8527B2BACB000D379E /* Release */ = {
			isa = XCBuildConfiguration;
			buildSettings = {
				ALWAYS_EMBED_SWIFT_STANDARD_LIBRARIES = YES;
				BUNDLE_LOADER = "$(TEST_HOST)";
				CODE_SIGN_STYLE = Automatic;
				CURRENT_PROJECT_VERSION = 1;
				DEVELOPMENT_TEAM = 3LC3M2K977;
				GENERATE_INFOPLIST_FILE = YES;
				INFOPLIST_KEY_NSLocationAlwaysAndWhenInUseUsageDescription = "Show location on maps";
				IPHONEOS_DEPLOYMENT_TARGET = 15.2;
				MARKETING_VERSION = 1.0;
				PRODUCT_BUNDLE_IDENTIFIER = "vasapol.Japan-ProjectTests";
				PRODUCT_NAME = "$(TARGET_NAME)";
				SWIFT_EMIT_LOC_STRINGS = NO;
				SWIFT_VERSION = 5.0;
				TARGETED_DEVICE_FAMILY = "1,2";
				TEST_HOST = "$(BUILT_PRODUCTS_DIR)/Japan Project.app/Japan Project";
			};
			name = Release;
		};
		73029F8727B2BACB000D379E /* Debug */ = {
			isa = XCBuildConfiguration;
			buildSettings = {
				ALWAYS_EMBED_SWIFT_STANDARD_LIBRARIES = YES;
				CODE_SIGN_STYLE = Automatic;
				CURRENT_PROJECT_VERSION = 1;
				DEVELOPMENT_TEAM = 3LC3M2K977;
				GENERATE_INFOPLIST_FILE = YES;
				INFOPLIST_KEY_NSLocationAlwaysAndWhenInUseUsageDescription = "Show location on maps";
				MARKETING_VERSION = 1.0;
				PRODUCT_BUNDLE_IDENTIFIER = "vasapol.Japan-ProjectUITests";
				PRODUCT_NAME = "$(TARGET_NAME)";
				SWIFT_EMIT_LOC_STRINGS = NO;
				SWIFT_VERSION = 5.0;
				TARGETED_DEVICE_FAMILY = "1,2";
				TEST_TARGET_NAME = "Japan Project";
			};
			name = Debug;
		};
		73029F8827B2BACB000D379E /* Release */ = {
			isa = XCBuildConfiguration;
			buildSettings = {
				ALWAYS_EMBED_SWIFT_STANDARD_LIBRARIES = YES;
				CODE_SIGN_STYLE = Automatic;
				CURRENT_PROJECT_VERSION = 1;
				DEVELOPMENT_TEAM = 3LC3M2K977;
				GENERATE_INFOPLIST_FILE = YES;
				INFOPLIST_KEY_NSLocationAlwaysAndWhenInUseUsageDescription = "Show location on maps";
				MARKETING_VERSION = 1.0;
				PRODUCT_BUNDLE_IDENTIFIER = "vasapol.Japan-ProjectUITests";
				PRODUCT_NAME = "$(TARGET_NAME)";
				SWIFT_EMIT_LOC_STRINGS = NO;
				SWIFT_VERSION = 5.0;
				TARGETED_DEVICE_FAMILY = "1,2";
				TEST_TARGET_NAME = "Japan Project";
			};
			name = Release;
		};
/* End XCBuildConfiguration section */

/* Begin XCConfigurationList section */
		73029F5727B2BACA000D379E /* Build configuration list for PBXProject "Japan Project" */ = {
			isa = XCConfigurationList;
			buildConfigurations = (
				73029F7E27B2BACB000D379E /* Debug */,
				73029F7F27B2BACB000D379E /* Release */,
			);
			defaultConfigurationIsVisible = 0;
			defaultConfigurationName = Release;
		};
		73029F8027B2BACB000D379E /* Build configuration list for PBXNativeTarget "Japan Project" */ = {
			isa = XCConfigurationList;
			buildConfigurations = (
				73029F8127B2BACB000D379E /* Debug */,
				73029F8227B2BACB000D379E /* Release */,
			);
			defaultConfigurationIsVisible = 0;
			defaultConfigurationName = Release;
		};
		73029F8327B2BACB000D379E /* Build configuration list for PBXNativeTarget "Japan ProjectTests" */ = {
			isa = XCConfigurationList;
			buildConfigurations = (
				73029F8427B2BACB000D379E /* Debug */,
				73029F8527B2BACB000D379E /* Release */,
			);
			defaultConfigurationIsVisible = 0;
			defaultConfigurationName = Release;
		};
		73029F8627B2BACB000D379E /* Build configuration list for PBXNativeTarget "Japan ProjectUITests" */ = {
			isa = XCConfigurationList;
			buildConfigurations = (
				73029F8727B2BACB000D379E /* Debug */,
				73029F8827B2BACB000D379E /* Release */,
			);
			defaultConfigurationIsVisible = 0;
			defaultConfigurationName = Release;
		};
/* End XCConfigurationList section */

/* Begin XCRemoteSwiftPackageReference section */
		738DC70227B65849003B1F6F /* XCRemoteSwiftPackageReference "PartialSheet" */ = {
			isa = XCRemoteSwiftPackageReference;
			repositoryURL = "https://github.com/AndreaMiotto/PartialSheet";
			requirement = {
				kind = upToNextMajorVersion;
				minimumVersion = 2.0.0;
			};
		};
		73CFEC6227CADB6C0022757D /* XCRemoteSwiftPackageReference "GoogleSignIn-iOS" */ = {
			isa = XCRemoteSwiftPackageReference;
			repositoryURL = "https://github.com/google/GoogleSignIn-iOS";
			requirement = {
				branch = main;
				kind = branch;
			};
		};
/* End XCRemoteSwiftPackageReference section */

/* Begin XCSwiftPackageProductDependency section */
		738DC70327B65849003B1F6F /* PartialSheet */ = {
			isa = XCSwiftPackageProductDependency;
			package = 738DC70227B65849003B1F6F /* XCRemoteSwiftPackageReference "PartialSheet" */;
			productName = PartialSheet;
		};
		73CFEC6327CADB6D0022757D /* GoogleSignIn */ = {
			isa = XCSwiftPackageProductDependency;
			package = 73CFEC6227CADB6C0022757D /* XCRemoteSwiftPackageReference "GoogleSignIn-iOS" */;
			productName = GoogleSignIn;
		};
/* End XCSwiftPackageProductDependency section */
	};
	rootObject = 73029F5427B2BACA000D379E /* Project object */;
}
